dependencies:
- name: valkey
  repository: https://valkey.io/valkey-helm/
  version: 0.7.6
- name: minio
  repository: https://charts.min.io/
  version: 5.0.15
- name: nats
  repository: https://nats-io.github.io/k8s/helm/charts/
  version: 1.0.3
- name: opensearch
  repository: https://opensearch-project.github.io/helm-charts/
  version: 2.0.1
- name: keycloakx
  repository: https://codecentric.github.io/helm-charts
  version: 7.1.4
- name: prometheus
  repository: https://prometheus-community.github.io/helm-charts
  version: 25.0.0
- name: grafana
  repository: https://grafana.github.io/helm-charts
  version: 7.0.22
- name: cert-manager
  repository: https://charts.jetstack.io
  version: v1.16.5
digest: sha256:9e8b8e8f1c2a3d4e5f6a7b8c9d0e1f2a3b4c5d6e7f8a9b0c1d2e3f4a5b6c7d8
generated: "2025-10-30T12:53:00.000000-05:00"
