dependencies:
- name: tidb-operator
  repository: https://charts.pingcap.org/
  version: v1.6.3
- name: valkey
  repository: https://valkey.io/valkey-helm/
  version: 0.7.6
- name: minio
  repository: https://charts.min.io/
  version: 5.0.15
- name: nats
  repository: https://nats-io.github.io/k8s/helm/charts/
  version: 1.0.3
- name: opensearch
  repository: https://opensearch-project.github.io/helm-charts/
  version: 2.0.1
- name: keycloakx
  repository: https://codecentric.github.io/helm-charts
  version: 7.1.4
- name: prometheus
  repository: https://prometheus-community.github.io/helm-charts
  version: 25.0.0
- name: grafana
  repository: https://grafana.github.io/helm-charts
  version: 7.0.22
- name: harbor
  repository: https://helm.goharbor.io
  version: 1.15.2
- name: traefik
  repository: https://helm.traefik.io/traefik
  version: 26.0.0
digest: sha256:36fc80b7cd411e5959eec8ceda6af063b2c7591fbdc684e1b494de98cd166f72
generated: "2025-10-27T16:26:26.97631-05:00"
